
Microsoft Visual Studio Solution File, Format Version 12.00
# Visual Studio Version 16
VisualStudioVersion = 16.0.29009.5
MinimumVisualStudioVersion = 10.0.40219.1
Project("{FAE04EC0-301F-11D3-BF4B-00C04F79EFBC}") = "ZZT.Mapper", "ZZT.Mapper\ZZT.Mapper.csproj", "{2A157A6F-577B-4B65-8927-1A324A928FBD}"
EndProject
Project("{FAE04EC0-301F-11D3-BF4B-00C04F79EFBC}") = "ZZTMapper.Test", "ZZTMapper.Test\ZZTMapper.Test.csproj", "{0A0A4512-9E37-4785-AE14-A9F0BEDCE3B2}"
EndProject
Global
	GlobalSection(SolutionConfigurationPlatforms) = preSolution
		Debug|Any CPU = Debug|Any CPU
		Release|Any CPU = Release|Any CPU
	EndGlobalSection
	GlobalSection(ProjectConfigurationPlatforms) = postSolution
		{2A157A6F-577B-4B65-8927-1A324A928FBD}.Debug|Any CPU.ActiveCfg = Debug|Any CPU
		{2A157A6F-577B-4B65-8927-1A324A928FBD}.Debug|Any CPU.Build.0 = Debug|Any CPU
		{2A157A6F-577B-4B65-8927-1A324A928FBD}.Release|Any CPU.ActiveCfg = Release|Any CPU
		{2A157A6F-577B-4B65-8927-1A324A928FBD}.Release|Any CPU.Build.0 = Release|Any CPU
		{0A0A4512-9E37-4785-AE14-A9F0BEDCE3B2}.Debug|Any CPU.ActiveCfg = Debug|Any CPU
		{0A0A4512-9E37-4785-AE14-A9F0BEDCE3B2}.Debug|Any CPU.Build.0 = Debug|Any CPU
		{0A0A4512-9E37-4785-AE14-A9F0BEDCE3B2}.Release|Any CPU.ActiveCfg = Release|Any CPU
		{0A0A4512-9E37-4785-AE14-A9F0BEDCE3B2}.Release|Any CPU.Build.0 = Release|Any CPU
	EndGlobalSection
	GlobalSection(SolutionProperties) = preSolution
		HideSolutionNode = FALSE
	EndGlobalSection
	GlobalSection(ExtensibilityGlobals) = postSolution
		SolutionGuid = {5BEF4D5F-DFB3-4BD1-87AA-859455EEFCDF}
	EndGlobalSection
EndGlobal
